{
  "originHash" : "2c8e4e8e74d711acf75498d42ea52fd0572fa6eb3d3517ca1bea4f22c9e0d1d0",
  "pins" : [
    {
      "identity" : "libwebp-ios",
      "kind" : "remoteSourceControl",
      "location" : "https://github.com/awxkee/libwebp-ios.git",
      "state" : {
        "revision" : "09ab26afc64c55a49332c396c4b465c278fcb05f",
        "version" : "1.1.1"
      }
    },
    {
      "identity" : "sparkle",
      "kind" : "remoteSourceControl",
      "location" : "https://github.com/sparkle-project/Sparkle",
      "state" : {
        "revision" : "6276ba2b404829d139c45ff98427cf90e2efc59b",
        "version" : "2.9.2"
      }
    },
    {
      "identity" : "webp.swift",
      "kind" : "remoteSourceControl",
      "location" : "https://github.com/awxkee/webp.swift",
      "state" : {
        "revision" : "10562e79e338de46e70f0f5c67b24cb90e02adb2",
        "version" : "1.1.2"
      }
    }
  ],
  "version" : 3
}
