// !$*UTF8*$!
{
	archiveVersion = 1;
	classes = {
	};
	objectVersion = 77;
	objects = {

/* Begin PBXBuildFile section */
		B10000000000000000000001 /* AuthManager.swift in Sources */ = {isa = PBXBuildFile; fileRef = A10000000000000000000001 /* AuthManager.swift */; };
		B10000000000000000000002 /* ClipboardManager.swift in Sources */ = {isa = PBXBuildFile; fileRef = A10000000000000000000002 /* ClipboardManager.swift */; };
		B10000000000000000000003 /* Color+Hex.swift in Sources */ = {isa = PBXBuildFile; fileRef = A10000000000000000000003 /* Color+Hex.swift */; };
		B10000000000000000000004 /* ContentView.swift in Sources */ = {isa = PBXBuildFile; fileRef = A10000000000000000000004 /* ContentView.swift */; };
		B10000000000000000000005 /* FileSnapshotStore.swift in Sources */ = {isa = PBXBuildFile; fileRef = A10000000000000000000005 /* FileSnapshotStore.swift */; };
		B10000000000000000000006 /* ItemPreviewPanel.swift in Sources */ = {isa = PBXBuildFile; fileRef = A10000000000000000000006 /* ItemPreviewPanel.swift */; };
		B10000000000000000000007 /* Keychain.swift in Sources */ = {isa = PBXBuildFile; fileRef = A10000000000000000000007 /* Keychain.swift */; };
		B10000000000000000000008 /* MainWindowView.swift in Sources */ = {isa = PBXBuildFile; fileRef = A10000000000000000000008 /* MainWindowView.swift */; };
		B10000000000000000000009 /* MenuBarView.swift in Sources */ = {isa = PBXBuildFile; fileRef = A10000000000000000000009 /* MenuBarView.swift */; };
		B1000000000000000000000A /* pasteApp.swift in Sources */ = {isa = PBXBuildFile; fileRef = A1000000000000000000000A /* pasteApp.swift */; };
		B1000000000000000000000B /* PreviewOverlayWindow.swift in Sources */ = {isa = PBXBuildFile; fileRef = A1000000000000000000000B /* PreviewOverlayWindow.swift */; };
		B1000000000000000000000C /* TransformPanel.swift in Sources */ = {isa = PBXBuildFile; fileRef = A1000000000000000000000C /* TransformPanel.swift */; };
		B1000000000000000000000D /* ClipboardCategory.swift in Sources */ = {isa = PBXBuildFile; fileRef = A1000000000000000000000D /* ClipboardCategory.swift */; };
		B1000000000000000000000E /* ClipboardContentType.swift in Sources */ = {isa = PBXBuildFile; fileRef = A1000000000000000000000E /* ClipboardContentType.swift */; };
		B1000000000000000000000F /* CodeLanguageDetector.swift in Sources */ = {isa = PBXBuildFile; fileRef = A1000000000000000000000F /* CodeLanguageDetector.swift */; };
		B10000000000000000000010 /* ContentDetector.swift in Sources */ = {isa = PBXBuildFile; fileRef = A10000000000000000000010 /* ContentDetector.swift */; };
		B10000000000000000000011 /* DetectionTypes.swift in Sources */ = {isa = PBXBuildFile; fileRef = A10000000000000000000011 /* DetectionTypes.swift */; };
		B10000000000000000000012 /* FileKindDetector.swift in Sources */ = {isa = PBXBuildFile; fileRef = A10000000000000000000012 /* FileKindDetector.swift */; };
		B10000000000000000000013 /* TextSemanticDetector.swift in Sources */ = {isa = PBXBuildFile; fileRef = A10000000000000000000013 /* TextSemanticDetector.swift */; };
		B10000000000000000000014 /* TextTraditionalDetectors.swift in Sources */ = {isa = PBXBuildFile; fileRef = A10000000000000000000014 /* TextTraditionalDetectors.swift */; };
		B1000000000000000000001E /* ClipboardTag.swift in Sources */ = {isa = PBXBuildFile; fileRef = A1000000000000000000001E /* ClipboardTag.swift */; };
		B1000000000000000000001F /* TagDetector.swift in Sources */ = {isa = PBXBuildFile; fileRef = A1000000000000000000001F /* TagDetector.swift */; };
		B10000000000000000000015 /* FileTools.swift in Sources */ = {isa = PBXBuildFile; fileRef = A10000000000000000000015 /* FileTools.swift */; };
		B10000000000000000000016 /* ImageTools.swift in Sources */ = {isa = PBXBuildFile; fileRef = A10000000000000000000016 /* ImageTools.swift */; };
		B10000000000000000000017 /* MediaTools.swift in Sources */ = {isa = PBXBuildFile; fileRef = A10000000000000000000017 /* MediaTools.swift */; };
		B10000000000000000000018 /* PDFTools.swift in Sources */ = {isa = PBXBuildFile; fileRef = A10000000000000000000018 /* PDFTools.swift */; };
		B10000000000000000000019 /* TextTools.swift in Sources */ = {isa = PBXBuildFile; fileRef = A10000000000000000000019 /* TextTools.swift */; };
		B1000000000000000000001A /* Tool.swift in Sources */ = {isa = PBXBuildFile; fileRef = A1000000000000000000001A /* Tool.swift */; };
		B1000000000000000000001B /* ToolRegistry.swift in Sources */ = {isa = PBXBuildFile; fileRef = A1000000000000000000001B /* ToolRegistry.swift */; };
		B10000000000000000000020 /* SearchOverlayWindow.swift in Sources */ = {isa = PBXBuildFile; fileRef = A10000000000000000000020 /* SearchOverlayWindow.swift */; };
		B10000000000000000000021 /* PageRangePanel.swift in Sources */ = {isa = PBXBuildFile; fileRef = A10000000000000000000021 /* PageRangePanel.swift */; };
		B1000000000000000000001C /* Assets.xcassets in Resources */ = {isa = PBXBuildFile; fileRef = A1000000000000000000001C /* Assets.xcassets */; };
		EE8C68622FB7847C002CA5C3 /* Sparkle in Frameworks */ = {isa = PBXBuildFile; productRef = EE8C68612FB7847C002CA5C3 /* Sparkle */; };
		EE8C68652FB7847C002CA5C3 /* webp in Frameworks */ = {isa = PBXBuildFile; productRef = EE8C68642FB7847C002CA5C3 /* webp */; };
/* End PBXBuildFile section */

/* Begin PBXFileReference section */
		A10000000000000000000001 /* AuthManager.swift */ = {isa = PBXFileReference; lastKnownFileType = sourcecode.swift; path = AuthManager.swift; sourceTree = "<group>"; };
		A10000000000000000000002 /* ClipboardManager.swift */ = {isa = PBXFileReference; lastKnownFileType = sourcecode.swift; path = ClipboardManager.swift; sourceTree = "<group>"; };
		A10000000000000000000003 /* Color+Hex.swift */ = {isa = PBXFileReference; lastKnownFileType = sourcecode.swift; path = "Color+Hex.swift"; sourceTree = "<group>"; };
		A10000000000000000000004 /* ContentView.swift */ = {isa = PBXFileReference; lastKnownFileType = sourcecode.swift; path = ContentView.swift; sourceTree = "<group>"; };
		A10000000000000000000005 /* FileSnapshotStore.swift */ = {isa = PBXFileReference; lastKnownFileType = sourcecode.swift; path = FileSnapshotStore.swift; sourceTree = "<group>"; };
		A10000000000000000000006 /* ItemPreviewPanel.swift */ = {isa = PBXFileReference; lastKnownFileType = sourcecode.swift; path = ItemPreviewPanel.swift; sourceTree = "<group>"; };
		A10000000000000000000007 /* Keychain.swift */ = {isa = PBXFileReference; lastKnownFileType = sourcecode.swift; path = Keychain.swift; sourceTree = "<group>"; };
		A10000000000000000000008 /* MainWindowView.swift */ = {isa = PBXFileReference; lastKnownFileType = sourcecode.swift; path = MainWindowView.swift; sourceTree = "<group>"; };
		A10000000000000000000009 /* MenuBarView.swift */ = {isa = PBXFileReference; lastKnownFileType = sourcecode.swift; path = MenuBarView.swift; sourceTree = "<group>"; };
		A1000000000000000000000A /* pasteApp.swift */ = {isa = PBXFileReference; lastKnownFileType = sourcecode.swift; path = pasteApp.swift; sourceTree = "<group>"; };
		A1000000000000000000000B /* PreviewOverlayWindow.swift */ = {isa = PBXFileReference; lastKnownFileType = sourcecode.swift; path = PreviewOverlayWindow.swift; sourceTree = "<group>"; };
		A1000000000000000000000C /* TransformPanel.swift */ = {isa = PBXFileReference; lastKnownFileType = sourcecode.swift; path = TransformPanel.swift; sourceTree = "<group>"; };
		A1000000000000000000000D /* ClipboardCategory.swift */ = {isa = PBXFileReference; lastKnownFileType = sourcecode.swift; path = ClipboardCategory.swift; sourceTree = "<group>"; };
		A1000000000000000000000E /* ClipboardContentType.swift */ = {isa = PBXFileReference; lastKnownFileType = sourcecode.swift; path = ClipboardContentType.swift; sourceTree = "<group>"; };
		A1000000000000000000000F /* CodeLanguageDetector.swift */ = {isa = PBXFileReference; lastKnownFileType = sourcecode.swift; path = CodeLanguageDetector.swift; sourceTree = "<group>"; };
		A10000000000000000000010 /* ContentDetector.swift */ = {isa = PBXFileReference; lastKnownFileType = sourcecode.swift; path = ContentDetector.swift; sourceTree = "<group>"; };
		A10000000000000000000011 /* DetectionTypes.swift */ = {isa = PBXFileReference; lastKnownFileType = sourcecode.swift; path = DetectionTypes.swift; sourceTree = "<group>"; };
		A10000000000000000000012 /* FileKindDetector.swift */ = {isa = PBXFileReference; lastKnownFileType = sourcecode.swift; path = FileKindDetector.swift; sourceTree = "<group>"; };
		A10000000000000000000013 /* TextSemanticDetector.swift */ = {isa = PBXFileReference; lastKnownFileType = sourcecode.swift; path = TextSemanticDetector.swift; sourceTree = "<group>"; };
		A10000000000000000000014 /* TextTraditionalDetectors.swift */ = {isa = PBXFileReference; lastKnownFileType = sourcecode.swift; path = TextTraditionalDetectors.swift; sourceTree = "<group>"; };
		A1000000000000000000001E /* ClipboardTag.swift */ = {isa = PBXFileReference; lastKnownFileType = sourcecode.swift; path = ClipboardTag.swift; sourceTree = "<group>"; };
		A1000000000000000000001F /* TagDetector.swift */ = {isa = PBXFileReference; lastKnownFileType = sourcecode.swift; path = TagDetector.swift; sourceTree = "<group>"; };
		A10000000000000000000015 /* FileTools.swift */ = {isa = PBXFileReference; lastKnownFileType = sourcecode.swift; path = FileTools.swift; sourceTree = "<group>"; };
		A10000000000000000000016 /* ImageTools.swift */ = {isa = PBXFileReference; lastKnownFileType = sourcecode.swift; path = ImageTools.swift; sourceTree = "<group>"; };
		A10000000000000000000017 /* MediaTools.swift */ = {isa = PBXFileReference; lastKnownFileType = sourcecode.swift; path = MediaTools.swift; sourceTree = "<group>"; };
		A10000000000000000000018 /* PDFTools.swift */ = {isa = PBXFileReference; lastKnownFileType = sourcecode.swift; path = PDFTools.swift; sourceTree = "<group>"; };
		A10000000000000000000019 /* TextTools.swift */ = {isa = PBXFileReference; lastKnownFileType = sourcecode.swift; path = TextTools.swift; sourceTree = "<group>"; };
		A1000000000000000000001A /* Tool.swift */ = {isa = PBXFileReference; lastKnownFileType = sourcecode.swift; path = Tool.swift; sourceTree = "<group>"; };
		A1000000000000000000001B /* ToolRegistry.swift */ = {isa = PBXFileReference; lastKnownFileType = sourcecode.swift; path = ToolRegistry.swift; sourceTree = "<group>"; };
		A1000000000000000000001C /* Assets.xcassets */ = {isa = PBXFileReference; lastKnownFileType = folder.assetcatalog; path = Assets.xcassets; sourceTree = "<group>"; };
		A1000000000000000000001D /* paste.entitlements */ = {isa = PBXFileReference; lastKnownFileType = text.plist.entitlements; path = paste.entitlements; sourceTree = "<group>"; };
		A10000000000000000000020 /* SearchOverlayWindow.swift */ = {isa = PBXFileReference; lastKnownFileType = sourcecode.swift; path = SearchOverlayWindow.swift; sourceTree = "<group>"; };
		A10000000000000000000021 /* PageRangePanel.swift */ = {isa = PBXFileReference; lastKnownFileType = sourcecode.swift; path = PageRangePanel.swift; sourceTree = "<group>"; };
		EE8C684D2FB7847A002CA5C3 /* Clipen.app */ = {isa = PBXFileReference; explicitFileType = wrapper.application; includeInIndex = 0; path = Clipen.app; sourceTree = BUILT_PRODUCTS_DIR; };
/* End PBXFileReference section */

/* Begin PBXFrameworksBuildPhase section */
		EE8C684A2FB7847A002CA5C3 /* Frameworks */ = {
			isa = PBXFrameworksBuildPhase;
			buildActionMask = 2147483647;
			files = (
				EE8C68622FB7847C002CA5C3 /* Sparkle in Frameworks */,
				EE8C68652FB7847C002CA5C3 /* webp in Frameworks */,
			);
			runOnlyForDeploymentPostprocessing = 0;
		};
/* End PBXFrameworksBuildPhase section */

/* Begin PBXGroup section */
		C10000000000000000000001 /* Detection */ = {
			isa = PBXGroup;
			children = (
				A1000000000000000000000D /* ClipboardCategory.swift */,
				A1000000000000000000000E /* ClipboardContentType.swift */,
				A1000000000000000000000F /* CodeLanguageDetector.swift */,
				A10000000000000000000010 /* ContentDetector.swift */,
				A10000000000000000000011 /* DetectionTypes.swift */,
				A10000000000000000000012 /* FileKindDetector.swift */,
				A10000000000000000000013 /* TextSemanticDetector.swift */,
				A10000000000000000000014 /* TextTraditionalDetectors.swift */,
				A1000000000000000000001E /* ClipboardTag.swift */,
				A1000000000000000000001F /* TagDetector.swift */,
			);
			path = Detection;
			sourceTree = "<group>";
		};
		C10000000000000000000002 /* Tools */ = {
			isa = PBXGroup;
			children = (
				A10000000000000000000015 /* FileTools.swift */,
				A10000000000000000000016 /* ImageTools.swift */,
				A10000000000000000000017 /* MediaTools.swift */,
				A10000000000000000000018 /* PDFTools.swift */,
				A10000000000000000000019 /* TextTools.swift */,
				A1000000000000000000001A /* Tool.swift */,
				A1000000000000000000001B /* ToolRegistry.swift */,
			);
			path = Tools;
			sourceTree = "<group>";
		};
		EE8C68442FB7847A002CA5C3 = {
			isa = PBXGroup;
			children = (
				EE8C684F2FB7847A002CA5C3 /* paste */,
				EE8C684E2FB7847A002CA5C3 /* Products */,
			);
			sourceTree = "<group>";
		};
		EE8C684E2FB7847A002CA5C3 /* Products */ = {
			isa = PBXGroup;
			children = (
				EE8C684D2FB7847A002CA5C3 /* Clipen.app */,
			);
			name = Products;
			sourceTree = "<group>";
		};
		EE8C684F2FB7847A002CA5C3 /* paste */ = {
			isa = PBXGroup;
			children = (
				A1000000000000000000001C /* Assets.xcassets */,
				C10000000000000000000001 /* Detection */,
				C10000000000000000000002 /* Tools */,
				A10000000000000000000001 /* AuthManager.swift */,
				A10000000000000000000002 /* ClipboardManager.swift */,
				A10000000000000000000003 /* Color+Hex.swift */,
				A10000000000000000000004 /* ContentView.swift */,
				A10000000000000000000005 /* FileSnapshotStore.swift */,
				A10000000000000000000006 /* ItemPreviewPanel.swift */,
				A10000000000000000000007 /* Keychain.swift */,
				A10000000000000000000008 /* MainWindowView.swift */,
				A10000000000000000000009 /* MenuBarView.swift */,
				A1000000000000000000000A /* pasteApp.swift */,
				A1000000000000000000000B /* PreviewOverlayWindow.swift */,
				A10000000000000000000020 /* SearchOverlayWindow.swift */,
				A10000000000000000000021 /* PageRangePanel.swift */,
				A1000000000000000000000C /* TransformPanel.swift */,
				A1000000000000000000001D /* paste.entitlements */,
			);
			path = paste;
			sourceTree = "<group>";
		};
/* End PBXGroup section */

/* Begin PBXNativeTarget section */
		EE8C684C2FB7847A002CA5C3 /* paste */ = {
			isa = PBXNativeTarget;
			buildConfigurationList = EE8C68582FB7847C002CA5C3 /* Build configuration list for PBXNativeTarget "paste" */;
			buildPhases = (
				EE8C68492FB7847A002CA5C3 /* Sources */,
				EE8C684A2FB7847A002CA5C3 /* Frameworks */,
				EE8C684B2FB7847A002CA5C3 /* Resources */,
			);
			buildRules = (
			);
			dependencies = (
			);
			name = paste;
			packageProductDependencies = (
				EE8C68612FB7847C002CA5C3 /* Sparkle */,
				EE8C68642FB7847C002CA5C3 /* webp */,
			);
			productName = paste;
			productReference = EE8C684D2FB7847A002CA5C3 /* Clipen.app */;
			productType = "com.apple.product-type.application";
		};
/* End PBXNativeTarget section */

/* Begin PBXProject section */
		EE8C68452FB7847A002CA5C3 /* Project object */ = {
			isa = PBXProject;
			attributes = {
				BuildIndependentTargetsInParallel = 1;
				LastSwiftUpdateCheck = 2640;
				LastUpgradeCheck = 2640;
				TargetAttributes = {
					EE8C684C2FB7847A002CA5C3 = {
						CreatedOnToolsVersion = 26.4;
					};
				};
			};
			buildConfigurationList = EE8C68482FB7847A002CA5C3 /* Build configuration list for PBXProject "paste" */;
			developmentRegion = en;
			hasScannedForEncodings = 0;
			knownRegions = (
				en,
				Base,
			);
			mainGroup = EE8C68442FB7847A002CA5C3;
			minimizedProjectReferenceProxies = 1;
			packageReferences = (
				EE8C68602FB7847C002CA5C3 /* XCRemoteSwiftPackageReference "Sparkle" */,
				EE8C68632FB7847C002CA5C3 /* XCRemoteSwiftPackageReference "webp.swift" */,
			);
			preferredProjectObjectVersion = 77;
			productRefGroup = EE8C684E2FB7847A002CA5C3 /* Products */;
			projectDirPath = "";
			projectRoot = "";
			targets = (
				EE8C684C2FB7847A002CA5C3 /* paste */,
			);
		};
/* End PBXProject section */

/* Begin PBXResourcesBuildPhase section */
		EE8C684B2FB7847A002CA5C3 /* Resources */ = {
			isa = PBXResourcesBuildPhase;
			buildActionMask = 2147483647;
			files = (
				B1000000000000000000001C /* Assets.xcassets in Resources */,
			);
			runOnlyForDeploymentPostprocessing = 0;
		};
/* End PBXResourcesBuildPhase section */

/* Begin PBXSourcesBuildPhase section */
		EE8C68492FB7847A002CA5C3 /* Sources */ = {
			isa = PBXSourcesBuildPhase;
			buildActionMask = 2147483647;
			files = (
				B10000000000000000000001 /* AuthManager.swift in Sources */,
				B10000000000000000000002 /* ClipboardManager.swift in Sources */,
				B10000000000000000000003 /* Color+Hex.swift in Sources */,
				B10000000000000000000004 /* ContentView.swift in Sources */,
				B10000000000000000000005 /* FileSnapshotStore.swift in Sources */,
				B10000000000000000000006 /* ItemPreviewPanel.swift in Sources */,
				B10000000000000000000007 /* Keychain.swift in Sources */,
				B10000000000000000000008 /* MainWindowView.swift in Sources */,
				B10000000000000000000009 /* MenuBarView.swift in Sources */,
				B1000000000000000000000A /* pasteApp.swift in Sources */,
				B1000000000000000000000B /* PreviewOverlayWindow.swift in Sources */,
				B10000000000000000000020 /* SearchOverlayWindow.swift in Sources */,
				B10000000000000000000021 /* PageRangePanel.swift in Sources */,
				B1000000000000000000000C /* TransformPanel.swift in Sources */,
				B1000000000000000000000D /* ClipboardCategory.swift in Sources */,
				B1000000000000000000000E /* ClipboardContentType.swift in Sources */,
				B1000000000000000000000F /* CodeLanguageDetector.swift in Sources */,
				B10000000000000000000010 /* ContentDetector.swift in Sources */,
				B10000000000000000000011 /* DetectionTypes.swift in Sources */,
				B10000000000000000000012 /* FileKindDetector.swift in Sources */,
				B10000000000000000000013 /* TextSemanticDetector.swift in Sources */,
				B10000000000000000000014 /* TextTraditionalDetectors.swift in Sources */,
				B1000000000000000000001E /* ClipboardTag.swift in Sources */,
				B1000000000000000000001F /* TagDetector.swift in Sources */,
				B10000000000000000000015 /* FileTools.swift in Sources */,
				B10000000000000000000016 /* ImageTools.swift in Sources */,
				B10000000000000000000017 /* MediaTools.swift in Sources */,
				B10000000000000000000018 /* PDFTools.swift in Sources */,
				B10000000000000000000019 /* TextTools.swift in Sources */,
				B1000000000000000000001A /* Tool.swift in Sources */,
				B1000000000000000000001B /* ToolRegistry.swift in Sources */,
			);
			runOnlyForDeploymentPostprocessing = 0;
		};
/* End PBXSourcesBuildPhase section */

/* Begin XCBuildConfiguration section */
		EE8C68562FB7847C002CA5C3 /* Debug */ = {
			isa = XCBuildConfiguration;
			buildSettings = {
				ALWAYS_SEARCH_USER_PATHS = NO;
				ASSETCATALOG_COMPILER_GENERATE_SWIFT_ASSET_SYMBOL_EXTENSIONS = YES;
				CLANG_ANALYZER_NONNULL = YES;
				CLANG_ANALYZER_NUMBER_OBJECT_CONVERSION = YES_AGGRESSIVE;
				CLANG_CXX_LANGUAGE_STANDARD = "gnu++20";
				CLANG_ENABLE_MODULES = YES;
				CLANG_ENABLE_OBJC_ARC = YES;
				CLANG_ENABLE_OBJC_WEAK = YES;
				CLANG_WARN_BLOCK_CAPTURE_AUTORELEASING = YES;
				CLANG_WARN_BOOL_CONVERSION = YES;
				CLANG_WARN_COMMA = YES;
				CLANG_WARN_CONSTANT_CONVERSION = YES;
				CLANG_WARN_DEPRECATED_OBJC_IMPLEMENTATIONS = YES;
				CLANG_WARN_DIRECT_OBJC_ISA_USAGE = YES_ERROR;
				CLANG_WARN_DOCUMENTATION_COMMENTS = YES;
				CLANG_WARN_EMPTY_BODY = YES;
				CLANG_WARN_ENUM_CONVERSION = YES;
				CLANG_WARN_INFINITE_RECURSION = YES;
				CLANG_WARN_INT_CONVERSION = YES;
				CLANG_WARN_NON_LITERAL_NULL_CONVERSION = YES;
				CLANG_WARN_OBJC_IMPLICIT_RETAIN_SELF = YES;
				CLANG_WARN_OBJC_LITERAL_CONVERSION = YES;
				CLANG_WARN_OBJC_ROOT_CLASS = YES_ERROR;
				CLANG_WARN_QUOTED_INCLUDE_IN_FRAMEWORK_HEADER = YES;
				CLANG_WARN_RANGE_LOOP_ANALYSIS = YES;
				CLANG_WARN_STRICT_PROTOTYPES = YES;
				CLANG_WARN_SUSPICIOUS_MOVE = YES;
				CLANG_WARN_UNGUARDED_AVAILABILITY = YES_AGGRESSIVE;
				CLANG_WARN_UNREACHABLE_CODE = YES;
				CLANG_WARN__DUPLICATE_METHOD_MATCH = YES;
				COPY_PHASE_STRIP = NO;
				DEBUG_INFORMATION_FORMAT = dwarf;
				DEVELOPMENT_TEAM = VPGVF647K2;
				ENABLE_STRICT_OBJC_MSGSEND = YES;
				ENABLE_TESTABILITY = YES;
				ENABLE_USER_SCRIPT_SANDBOXING = YES;
				GCC_C_LANGUAGE_STANDARD = gnu17;
				GCC_DYNAMIC_NO_PIC = NO;
				GCC_NO_COMMON_BLOCKS = YES;
				GCC_OPTIMIZATION_LEVEL = 0;
				GCC_PREPROCESSOR_DEFINITIONS = (
					"DEBUG=1",
					"$(inherited)",
				);
				GCC_WARN_64_TO_32_BIT_CONVERSION = YES;
				GCC_WARN_ABOUT_RETURN_TYPE = YES_ERROR;
				GCC_WARN_UNDECLARED_SELECTOR = YES;
				GCC_WARN_UNINITIALIZED_AUTOS = YES_AGGRESSIVE;
				GCC_WARN_UNUSED_FUNCTION = YES;
				GCC_WARN_UNUSED_VARIABLE = YES;
				LOCALIZATION_PREFERS_STRING_CATALOGS = YES;
				MACOSX_DEPLOYMENT_TARGET = 14.0;
				MTL_ENABLE_DEBUG_INFO = INCLUDE_SOURCE;
				MTL_FAST_MATH = YES;
				ONLY_ACTIVE_ARCH = YES;
				SDKROOT = macosx;
				SWIFT_ACTIVE_COMPILATION_CONDITIONS = "DEBUG $(inherited)";
				SWIFT_OPTIMIZATION_LEVEL = "-Onone";
			};
			name = Debug;
		};
		EE8C68572FB7847C002CA5C3 /* Release */ = {
			isa = XCBuildConfiguration;
			buildSettings = {
				ALWAYS_SEARCH_USER_PATHS = NO;
				ASSETCATALOG_COMPILER_GENERATE_SWIFT_ASSET_SYMBOL_EXTENSIONS = YES;
				CLANG_ANALYZER_NONNULL = YES;
				CLANG_ANALYZER_NUMBER_OBJECT_CONVERSION = YES_AGGRESSIVE;
				CLANG_CXX_LANGUAGE_STANDARD = "gnu++20";
				CLANG_ENABLE_MODULES = YES;
				CLANG_ENABLE_OBJC_ARC = YES;
				CLANG_ENABLE_OBJC_WEAK = YES;
				CLANG_WARN_BLOCK_CAPTURE_AUTORELEASING = YES;
				CLANG_WARN_BOOL_CONVERSION = YES;
				CLANG_WARN_COMMA = YES;
				CLANG_WARN_CONSTANT_CONVERSION = YES;
				CLANG_WARN_DEPRECATED_OBJC_IMPLEMENTATIONS = YES;
				CLANG_WARN_DIRECT_OBJC_ISA_USAGE = YES_ERROR;
				CLANG_WARN_DOCUMENTATION_COMMENTS = YES;
				CLANG_WARN_EMPTY_BODY = YES;
				CLANG_WARN_ENUM_CONVERSION = YES;
				CLANG_WARN_INFINITE_RECURSION = YES;
				CLANG_WARN_INT_CONVERSION = YES;
				CLANG_WARN_NON_LITERAL_NULL_CONVERSION = YES;
				CLANG_WARN_OBJC_IMPLICIT_RETAIN_SELF = YES;
				CLANG_WARN_OBJC_LITERAL_CONVERSION = YES;
				CLANG_WARN_OBJC_ROOT_CLASS = YES_ERROR;
				CLANG_WARN_QUOTED_INCLUDE_IN_FRAMEWORK_HEADER = YES;
				CLANG_WARN_RANGE_LOOP_ANALYSIS = YES;
				CLANG_WARN_STRICT_PROTOTYPES = YES;
				CLANG_WARN_SUSPICIOUS_MOVE = YES;
				CLANG_WARN_UNGUARDED_AVAILABILITY = YES_AGGRESSIVE;
				CLANG_WARN_UNREACHABLE_CODE = YES;
				CLANG_WARN__DUPLICATE_METHOD_MATCH = YES;
				COPY_PHASE_STRIP = NO;
				DEBUG_INFORMATION_FORMAT = "dwarf-with-dsym";
				DEVELOPMENT_TEAM = VPGVF647K2;
				ENABLE_NS_ASSERTIONS = NO;
				ENABLE_STRICT_OBJC_MSGSEND = YES;
				ENABLE_USER_SCRIPT_SANDBOXING = YES;
				GCC_C_LANGUAGE_STANDARD = gnu17;
				GCC_NO_COMMON_BLOCKS = YES;
				GCC_WARN_64_TO_32_BIT_CONVERSION = YES;
				GCC_WARN_ABOUT_RETURN_TYPE = YES_ERROR;
				GCC_WARN_UNDECLARED_SELECTOR = YES;
				GCC_WARN_UNINITIALIZED_AUTOS = YES_AGGRESSIVE;
				GCC_WARN_UNUSED_FUNCTION = YES;
				GCC_WARN_UNUSED_VARIABLE = YES;
				LOCALIZATION_PREFERS_STRING_CATALOGS = YES;
				MACOSX_DEPLOYMENT_TARGET = 14.0;
				MTL_ENABLE_DEBUG_INFO = NO;
				MTL_FAST_MATH = YES;
				SDKROOT = macosx;
				SWIFT_COMPILATION_MODE = wholemodule;
			};
			name = Release;
		};
		EE8C68592FB7847C002CA5C3 /* Debug */ = {
			isa = XCBuildConfiguration;
			buildSettings = {
				ASSETCATALOG_COMPILER_APPICON_NAME = AppIcon;
				ASSETCATALOG_COMPILER_GLOBAL_ACCENT_COLOR_NAME = AccentColor;
				CODE_SIGN_ENTITLEMENTS = paste/paste.entitlements;
				CODE_SIGN_STYLE = Automatic;
				COMBINE_HIDPI_IMAGES = YES;
				CURRENT_PROJECT_VERSION = 33;
				DEVELOPMENT_TEAM = VPGVF647K2;
				ENABLE_APP_SANDBOX = NO;
				ENABLE_HARDENED_RUNTIME = YES;
				ENABLE_PREVIEWS = YES;
				ENABLE_USER_SELECTED_FILES = readonly;
				GENERATE_INFOPLIST_FILE = YES;
				INFOPLIST_FILE = SparkleInfo.plist;
				INFOPLIST_KEY_CFBundleDisplayName = Clipen;
				INFOPLIST_KEY_LSApplicationCategoryType = "public.app-category.productivity";
				INFOPLIST_KEY_LSUIElement = YES;
				INFOPLIST_KEY_NSAccessibilityUsageDescription = "Clipen needs Accessibility access to intercept ⌘V and cycle your clipboard ring.";
				INFOPLIST_KEY_NSHumanReadableCopyright = "© 2026 Clipen";
				LD_RUNPATH_SEARCH_PATHS = (
					"$(inherited)",
					"@executable_path/../Frameworks",
				);
				MARKETING_VERSION = 1.0.30;
				PRODUCT_BUNDLE_IDENTIFIER = com.clipen.app;
				PRODUCT_NAME = Clipen;
				REGISTER_APP_GROUPS = YES;
				STRING_CATALOG_GENERATE_SYMBOLS = YES;
				SWIFT_APPROACHABLE_CONCURRENCY = YES;
				SWIFT_DEFAULT_ACTOR_ISOLATION = MainActor;
				SWIFT_EMIT_LOC_STRINGS = YES;
				SWIFT_UPCOMING_FEATURE_MEMBER_IMPORT_VISIBILITY = YES;
				SWIFT_VERSION = 5.0;
			};
			name = Debug;
		};
		EE8C685A2FB7847C002CA5C3 /* Release */ = {
			isa = XCBuildConfiguration;
			buildSettings = {
				ASSETCATALOG_COMPILER_APPICON_NAME = AppIcon;
				ASSETCATALOG_COMPILER_GLOBAL_ACCENT_COLOR_NAME = AccentColor;
				CODE_SIGN_ENTITLEMENTS = paste/paste.entitlements;
				CODE_SIGN_STYLE = Automatic;
				COMBINE_HIDPI_IMAGES = YES;
				CURRENT_PROJECT_VERSION = 33;
				DEVELOPMENT_TEAM = VPGVF647K2;
				ENABLE_APP_SANDBOX = NO;
				ENABLE_HARDENED_RUNTIME = YES;
				ENABLE_PREVIEWS = YES;
				ENABLE_USER_SELECTED_FILES = readonly;
				GENERATE_INFOPLIST_FILE = YES;
				INFOPLIST_FILE = SparkleInfo.plist;
				INFOPLIST_KEY_CFBundleDisplayName = Clipen;
				INFOPLIST_KEY_LSApplicationCategoryType = "public.app-category.productivity";
				INFOPLIST_KEY_LSUIElement = YES;
				INFOPLIST_KEY_NSAccessibilityUsageDescription = "Clipen needs Accessibility access to intercept ⌘V and cycle your clipboard ring.";
				INFOPLIST_KEY_NSHumanReadableCopyright = "© 2026 Clipen";
				LD_RUNPATH_SEARCH_PATHS = (
					"$(inherited)",
					"@executable_path/../Frameworks",
				);
				MARKETING_VERSION = 1.0.30;
				PRODUCT_BUNDLE_IDENTIFIER = com.clipen.app;
				PRODUCT_NAME = Clipen;
				REGISTER_APP_GROUPS = YES;
				STRING_CATALOG_GENERATE_SYMBOLS = YES;
				SWIFT_APPROACHABLE_CONCURRENCY = YES;
				SWIFT_DEFAULT_ACTOR_ISOLATION = MainActor;
				SWIFT_EMIT_LOC_STRINGS = YES;
				SWIFT_UPCOMING_FEATURE_MEMBER_IMPORT_VISIBILITY = YES;
				SWIFT_VERSION = 5.0;
			};
			name = Release;
		};
/* End XCBuildConfiguration section */

/* Begin XCConfigurationList section */
		EE8C68482FB7847A002CA5C3 /* Build configuration list for PBXProject "paste" */ = {
			isa = XCConfigurationList;
			buildConfigurations = (
				EE8C68562FB7847C002CA5C3 /* Debug */,
				EE8C68572FB7847C002CA5C3 /* Release */,
			);
			defaultConfigurationIsVisible = 0;
			defaultConfigurationName = Release;
		};
		EE8C68582FB7847C002CA5C3 /* Build configuration list for PBXNativeTarget "paste" */ = {
			isa = XCConfigurationList;
			buildConfigurations = (
				EE8C68592FB7847C002CA5C3 /* Debug */,
				EE8C685A2FB7847C002CA5C3 /* Release */,
			);
			defaultConfigurationIsVisible = 0;
			defaultConfigurationName = Release;
		};
/* End XCConfigurationList section */

/* Begin XCRemoteSwiftPackageReference section */
		EE8C68602FB7847C002CA5C3 /* XCRemoteSwiftPackageReference "Sparkle" */ = {
			isa = XCRemoteSwiftPackageReference;
			repositoryURL = "https://github.com/sparkle-project/Sparkle";
			requirement = {
				kind = upToNextMajorVersion;
				minimumVersion = 2.6.0;
			};
		};
		EE8C68632FB7847C002CA5C3 /* XCRemoteSwiftPackageReference "webp.swift" */ = {
			isa = XCRemoteSwiftPackageReference;
			repositoryURL = "https://github.com/awxkee/webp.swift";
			requirement = {
				kind = upToNextMajorVersion;
				minimumVersion = 1.1.0;
			};
		};
/* End XCRemoteSwiftPackageReference section */

/* Begin XCSwiftPackageProductDependency section */
		EE8C68612FB7847C002CA5C3 /* Sparkle */ = {
			isa = XCSwiftPackageProductDependency;
			package = EE8C68602FB7847C002CA5C3 /* XCRemoteSwiftPackageReference "Sparkle" */;
			productName = Sparkle;
		};
		EE8C68642FB7847C002CA5C3 /* webp */ = {
			isa = XCSwiftPackageProductDependency;
			package = EE8C68632FB7847C002CA5C3 /* XCRemoteSwiftPackageReference "webp.swift" */;
			productName = webp;
		};
/* End XCSwiftPackageProductDependency section */
	};
	rootObject = EE8C68452FB7847A002CA5C3 /* Project object */;
}
